
Microsoft Visual Studio Solution File, Format Version 12.00
# Visual Studio Version 17
VisualStudioVersion = 17.7.34024.191
MinimumVisualStudioVersion = 10.0.40219.1
Project("{FAE04EC0-301F-11D3-BF4B-00C04F79EFBC}") = "ConsoleApp3", "ConsoleApp3\ConsoleApp3.csproj", "{0C374331-A2AC-4AF0-9C84-B0BDF278C13E}"
EndProject
Global
	GlobalSection(SolutionConfigurationPlatforms) = preSolution
		Debug|Any CPU = Debug|Any CPU
		Release|Any CPU = Release|Any CPU
	EndGlobalSection
	GlobalSection(ProjectConfigurationPlatforms) = postSolution
		{0C374331-A2AC-4AF0-9C84-B0BDF278C13E}.Debug|Any CPU.ActiveCfg = Debug|Any CPU
		{0C374331-A2AC-4AF0-9C84-B0BDF278C13E}.Debug|Any CPU.Build.0 = Debug|Any CPU
		{0C374331-A2AC-4AF0-9C84-B0BDF278C13E}.Release|Any CPU.ActiveCfg = Release|Any CPU
		{0C374331-A2AC-4AF0-9C84-B0BDF278C13E}.Release|Any CPU.Build.0 = Release|Any CPU
	EndGlobalSection
	GlobalSection(SolutionProperties) = preSolution
		HideSolutionNode = FALSE
	EndGlobalSection
	GlobalSection(ExtensibilityGlobals) = postSolution
		SolutionGuid = {FC0010B3-67B1-4641-855D-F887D226A45E}
	EndGlobalSection
EndGlobal
